
Microsoft Visual Studio Solution File, Format Version 12.00
# Visual Studio Version 16
VisualStudioVersion = 16.0.31613.86
MinimumVisualStudioVersion = 10.0.40219.1
Project("{FAE04EC0-301F-11D3-BF4B-00C04F79EFBC}") = "DivisionCasting", "DivisionCasting.csproj", "{D3B81F4B-6FE2-40BD-9E5C-B0A6E5DF2187}"
EndProject
Global
	GlobalSection(SolutionConfigurationPlatforms) = preSolution
		Debug|Any CPU = Debug|Any CPU
		Release|Any CPU = Release|Any CPU
	EndGlobalSection
	GlobalSection(ProjectConfigurationPlatforms) = postSolution
		{D3B81F4B-6FE2-40BD-9E5C-B0A6E5DF2187}.Debug|Any CPU.ActiveCfg = Debug|Any CPU
		{D3B81F4B-6FE2-40BD-9E5C-B0A6E5DF2187}.Debug|Any CPU.Build.0 = Debug|Any CPU
		{D3B81F4B-6FE2-40BD-9E5C-B0A6E5DF2187}.Release|Any CPU.ActiveCfg = Release|Any CPU
		{D3B81F4B-6FE2-40BD-9E5C-B0A6E5DF2187}.Release|Any CPU.Build.0 = Release|Any CPU
	EndGlobalSection
	GlobalSection(SolutionProperties) = preSolution
		HideSolutionNode = FALSE
	EndGlobalSection
	GlobalSection(ExtensibilityGlobals) = postSolution
		SolutionGuid = {31ED28CD-89D5-4083-BA39-EF0725E6E515}
	EndGlobalSection
EndGlobal
