
Microsoft Visual Studio Solution File, Format Version 12.00
# Visual Studio Version 16
VisualStudioVersion = 16.0.31613.86
MinimumVisualStudioVersion = 10.0.40219.1
Project("{FAE04EC0-301F-11D3-BF4B-00C04F79EFBC}") = "Operators", "Operators.csproj", "{CA65A47B-5414-4C43-A8FE-EF5847DF6684}"
EndProject
Global
	GlobalSection(SolutionConfigurationPlatforms) = preSolution
		Debug|Any CPU = Debug|Any CPU
		Release|Any CPU = Release|Any CPU
	EndGlobalSection
	GlobalSection(ProjectConfigurationPlatforms) = postSolution
		{CA65A47B-5414-4C43-A8FE-EF5847DF6684}.Debug|Any CPU.ActiveCfg = Debug|Any CPU
		{CA65A47B-5414-4C43-A8FE-EF5847DF6684}.Debug|Any CPU.Build.0 = Debug|Any CPU
		{CA65A47B-5414-4C43-A8FE-EF5847DF6684}.Release|Any CPU.ActiveCfg = Release|Any CPU
		{CA65A47B-5414-4C43-A8FE-EF5847DF6684}.Release|Any CPU.Build.0 = Release|Any CPU
	EndGlobalSection
	GlobalSection(SolutionProperties) = preSolution
		HideSolutionNode = FALSE
	EndGlobalSection
	GlobalSection(ExtensibilityGlobals) = postSolution
		SolutionGuid = {A51B3464-261C-4EE8-89D3-56E8A4E6A984}
	EndGlobalSection
EndGlobal
